
Microsoft Visual Studio Solution File, Format Version 12.00
# Visual Studio 15
VisualStudioVersion = 15.0.28307.539
MinimumVisualStudioVersion = 10.0.40219.1
Project("{FAE04EC0-301F-11D3-BF4B-00C04F79EFBC}") = "ShopApp", "ShopApp\ShopApp.csproj", "{F712A2A6-4204-4C0E-9813-2D0FEE8674CB}"
EndProject
Global
	GlobalSection(SolutionConfigurationPlatforms) = preSolution
		Debug|Any CPU = Debug|Any CPU
		Release|Any CPU = Release|Any CPU
	EndGlobalSection
	GlobalSection(ProjectConfigurationPlatforms) = postSolution
		{F712A2A6-4204-4C0E-9813-2D0FEE8674CB}.Debug|Any CPU.ActiveCfg = Debug|Any CPU
		{F712A2A6-4204-4C0E-9813-2D0FEE8674CB}.Debug|Any CPU.Build.0 = Debug|Any CPU
		{F712A2A6-4204-4C0E-9813-2D0FEE8674CB}.Release|Any CPU.ActiveCfg = Release|Any CPU
		{F712A2A6-4204-4C0E-9813-2D0FEE8674CB}.Release|Any CPU.Build.0 = Release|Any CPU
	EndGlobalSection
	GlobalSection(SolutionProperties) = preSolution
		HideSolutionNode = FALSE
	EndGlobalSection
	GlobalSection(ExtensibilityGlobals) = postSolution
		SolutionGuid = {0AEFD8FA-7359-4E31-B65D-4B9A071B3EC0}
	EndGlobalSection
EndGlobal
